// !$*UTF8*$!
{
	archiveVersion = 1;
	classes = {
	};
	objectVersion = 77;
	objects = {

/* Begin PBXBuildFile section */
		001000000000000000000101 /* CPRTrainerProApp.swift in Sources */ = {isa = PBXBuildFile; fileRef = 001000000000000000000001 /* CPRTrainerProApp.swift */; };
		001000000000000000000102 /* AppViewModel.swift in Sources */ = {isa = PBXBuildFile; fileRef = 001000000000000000000002 /* AppViewModel.swift */; };
		001000000000000000000103 /* RootView.swift in Sources */ = {isa = PBXBuildFile; fileRef = 001000000000000000000003 /* RootView.swift */; };
		001000000000000000000104 /* Theme.swift in Sources */ = {isa = PBXBuildFile; fileRef = 001000000000000000000004 /* Theme.swift */; };
		001000000000000000000105 /* ContentModels.swift in Sources */ = {isa = PBXBuildFile; fileRef = 001000000000000000000005 /* ContentModels.swift */; };
		001000000000000000000106 /* ContentManifestService.swift in Sources */ = {isa = PBXBuildFile; fileRef = 001000000000000000000006 /* ContentManifestService.swift */; };
		001000000000000000000107 /* DownloadService.swift in Sources */ = {isa = PBXBuildFile; fileRef = 001000000000000000000007 /* DownloadService.swift */; };
		001000000000000000000108 /* URLHelpers.swift in Sources */ = {isa = PBXBuildFile; fileRef = 001000000000000000000008 /* URLHelpers.swift */; };
		001000000000000000000109 /* CoursesView.swift in Sources */ = {isa = PBXBuildFile; fileRef = 001000000000000000000009 /* CoursesView.swift */; };
		001000000000000000000110 /* DownloadsView.swift in Sources */ = {isa = PBXBuildFile; fileRef = 001000000000000000000010 /* DownloadsView.swift */; };
		001000000000000000000111 /* ManualsView.swift in Sources */ = {isa = PBXBuildFile; fileRef = 001000000000000000000011 /* ManualsView.swift */; };
		001000000000000000000112 /* SendCertsView.swift in Sources */ = {isa = PBXBuildFile; fileRef = 001000000000000000000012 /* SendCertsView.swift */; };
		001000000000000000000113 /* CourseCard.swift in Sources */ = {isa = PBXBuildFile; fileRef = 001000000000000000000013 /* CourseCard.swift */; };
		001000000000000000000114 /* DownloadStatusBadge.swift in Sources */ = {isa = PBXBuildFile; fileRef = 001000000000000000000014 /* DownloadStatusBadge.swift */; };
		001000000000000000000115 /* PrimaryActionButton.swift in Sources */ = {isa = PBXBuildFile; fileRef = 001000000000000000000015 /* PrimaryActionButton.swift */; };
		001000000000000000000116 /* content-manifest.json in Resources */ = {isa = PBXBuildFile; fileRef = 001000000000000000000016 /* content-manifest.json */; };
		001000000000000000000117 /* StorageService.swift in Sources */ = {isa = PBXBuildFile; fileRef = 001000000000000000000017 /* StorageService.swift */; };
		001000000000000000000118 /* AirPlayRoutePicker.swift in Sources */ = {isa = PBXBuildFile; fileRef = 001000000000000000000018 /* AirPlayRoutePicker.swift */; };
		001000000000000000000119 /* VideoCoursePlayerView.swift in Sources */ = {isa = PBXBuildFile; fileRef = 001000000000000000000019 /* VideoCoursePlayerView.swift */; };
		001000000000000000000120 /* SlideshowPlayerView.swift in Sources */ = {isa = PBXBuildFile; fileRef = 001000000000000000000021 /* SlideshowPlayerView.swift */; };
		001000000000000000000121 /* ManualViewerView.swift in Sources */ = {isa = PBXBuildFile; fileRef = 001000000000000000000022 /* ManualViewerView.swift */; };
		001000000000000000000122 /* Subtitles in Resources */ = {isa = PBXBuildFile; fileRef = 001000000000000000000023 /* Subtitles */; };
		001000000000000000000123 /* DownloadQueueStore.swift in Sources */ = {isa = PBXBuildFile; fileRef = 001000000000000000000024 /* DownloadQueueStore.swift */; };
		001000000000000000000124 /* SubtitleCue.swift in Sources */ = {isa = PBXBuildFile; fileRef = 001000000000000000000025 /* SubtitleCue.swift */; };
		001000000000000000000125 /* SubtitleService.swift in Sources */ = {isa = PBXBuildFile; fileRef = 001000000000000000000026 /* SubtitleService.swift */; };
		001000000000000000000126 /* SubtitleOverlay.swift in Sources */ = {isa = PBXBuildFile; fileRef = 001000000000000000000027 /* SubtitleOverlay.swift */; };
		001000000000000000000127 /* Artwork in Resources */ = {isa = PBXBuildFile; fileRef = 001000000000000000000028 /* Artwork */; };
		001000000000000000000128 /* ArtworkImage.swift in Sources */ = {isa = PBXBuildFile; fileRef = 001000000000000000000029 /* ArtworkImage.swift */; };
		001000000000000000000129 /* BrandHeader.swift in Sources */ = {isa = PBXBuildFile; fileRef = 001000000000000000000030 /* BrandHeader.swift */; };
		001000000000000000000130 /* StickyBrandScrollView.swift in Sources */ = {isa = PBXBuildFile; fileRef = 001000000000000000000031 /* StickyBrandScrollView.swift */; };
		001000000000000000000131 /* DownloadAnimationOverlay.swift in Sources */ = {isa = PBXBuildFile; fileRef = 001000000000000000000032 /* DownloadAnimationOverlay.swift */; };
		001000000000000000000132 /* FullScreenToggleButton.swift in Sources */ = {isa = PBXBuildFile; fileRef = 001000000000000000000033 /* FullScreenToggleButton.swift */; };
		001000000000000000000133 /* SettingsView.swift in Sources */ = {isa = PBXBuildFile; fileRef = 001000000000000000000035 /* SettingsView.swift */; };
		001000000000000000000134 /* InstructorTipsService.swift in Sources */ = {isa = PBXBuildFile; fileRef = 001000000000000000000036 /* InstructorTipsService.swift */; };
		001000000000000000000135 /* SlideshowInstructorOverlays.swift in Sources */ = {isa = PBXBuildFile; fileRef = 001000000000000000000037 /* SlideshowInstructorOverlays.swift */; };
		001000000000000000000136 /* instructor-tips.json in Resources */ = {isa = PBXBuildFile; fileRef = 001000000000000000000038 /* instructor-tips.json */; };
		001000000000000000000137 /* Assets.xcassets in Resources */ = {isa = PBXBuildFile; fileRef = 001000000000000000000039 /* Assets.xcassets */; };
		001000000000000000000138 /* ExternalDisplayAppDelegate.swift in Sources */ = {isa = PBXBuildFile; fileRef = 001000000000000000000040 /* ExternalDisplayAppDelegate.swift */; };
		001000000000000000000139 /* ExternalDisplaySceneDelegate.swift in Sources */ = {isa = PBXBuildFile; fileRef = 001000000000000000000041 /* ExternalDisplaySceneDelegate.swift */; };
		001000000000000000000140 /* PresentationSession.swift in Sources */ = {isa = PBXBuildFile; fileRef = 001000000000000000000042 /* PresentationSession.swift */; };
		001000000000000000000141 /* CoursePlayerLayerView.swift in Sources */ = {isa = PBXBuildFile; fileRef = 001000000000000000000043 /* CoursePlayerLayerView.swift */; };
		001000000000000000000142 /* ExternalPresentationView.swift in Sources */ = {isa = PBXBuildFile; fileRef = 001000000000000000000044 /* ExternalPresentationView.swift */; };
		001000000000000000000143 /* VideoCoursePlaybackCoordinator.swift in Sources */ = {isa = PBXBuildFile; fileRef = 001000000000000000000045 /* VideoCoursePlaybackCoordinator.swift */; };
		001000000000000000000144 /* SlideshowPlaybackCoordinator.swift in Sources */ = {isa = PBXBuildFile; fileRef = 001000000000000000000046 /* SlideshowPlaybackCoordinator.swift */; };
		001000000000000000000145 /* ManualNavigationModels.swift in Sources */ = {isa = PBXBuildFile; fileRef = 001000000000000000000047 /* ManualNavigationModels.swift */; };
		001000000000000000000146 /* ManualTOCService.swift in Sources */ = {isa = PBXBuildFile; fileRef = 001000000000000000000048 /* ManualTOCService.swift */; };
		001000000000000000000147 /* ManualSearchService.swift in Sources */ = {isa = PBXBuildFile; fileRef = 001000000000000000000049 /* ManualSearchService.swift */; };
		001000000000000000000148 /* ManualViewerViewModel.swift in Sources */ = {isa = PBXBuildFile; fileRef = 001000000000000000000050 /* ManualViewerViewModel.swift */; };
		001000000000000000000149 /* ManualNavigationPanel.swift in Sources */ = {isa = PBXBuildFile; fileRef = 001000000000000000000051 /* ManualNavigationPanel.swift */; };
		001000000000000000000150 /* ContentVersionStore.swift in Sources */ = {isa = PBXBuildFile; fileRef = 001000000000000000000052 /* ContentVersionStore.swift */; };
		001000000000000000000151 /* ContentUpdateService.swift in Sources */ = {isa = PBXBuildFile; fileRef = 001000000000000000000053 /* ContentUpdateService.swift */; };
		001000000000000000000152 /* InteractiveTabContainer.swift in Sources */ = {isa = PBXBuildFile; fileRef = 001000000000000000000054 /* InteractiveTabContainer.swift */; };
		002000000000000000000101 /* ContentManifestContractTests.swift in Sources */ = {isa = PBXBuildFile; fileRef = 002000000000000000000001 /* ContentManifestContractTests.swift */; };
		002000000000000000000102 /* content-manifest.json in Resources */ = {isa = PBXBuildFile; fileRef = 001000000000000000000016 /* content-manifest.json */; };
		002000000000000000000103 /* instructor-tips.json in Resources */ = {isa = PBXBuildFile; fileRef = 001000000000000000000038 /* instructor-tips.json */; };
		003000000000000000000101 /* CPRTrainerProWatchApp.swift in Sources */ = {isa = PBXBuildFile; fileRef = 003000000000000000000001 /* CPRTrainerProWatchApp.swift */; };
		003000000000000000000102 /* TrainingView.swift in Sources */ = {isa = PBXBuildFile; fileRef = 003000000000000000000002 /* TrainingView.swift */; };
		003000000000000000000103 /* TrainingSessionController.swift in Sources */ = {isa = PBXBuildFile; fileRef = 003000000000000000000003 /* TrainingSessionController.swift */; };
		003000000000000000000104 /* LoopingTrainingMovie.swift in Sources */ = {isa = PBXBuildFile; fileRef = 003000000000000000000004 /* LoopingTrainingMovie.swift */; };
		003000000000000000000105 /* Assets.xcassets in Resources */ = {isa = PBXBuildFile; fileRef = 003000000000000000000005 /* Assets.xcassets */; };
		003000000000000000000106 /* DummiesDoingCPR-Watch.mov in Resources */ = {isa = PBXBuildFile; fileRef = 003000000000000000000006 /* DummiesDoingCPR-Watch.mov */; };
		003000000000000000000107 /* CPRTrainerProWatch.app in Embed Watch Content */ = {isa = PBXBuildFile; fileRef = 003000000000000000000020 /* CPRTrainerProWatch.app */; settings = {ATTRIBUTES = (RemoveHeadersOnCopy, ); }; };
/* End PBXBuildFile section */

/* Begin PBXContainerItemProxy section */
		002000000000000000000601 /* PBXContainerItemProxy */ = {
			isa = PBXContainerItemProxy;
			containerPortal = 001000000000000000000500 /* Project object */;
			proxyType = 1;
			remoteGlobalIDString = 001000000000000000000400;
			remoteInfo = CPRTrainerPro;
		};
		003000000000000000000601 /* PBXContainerItemProxy */ = {
			isa = PBXContainerItemProxy;
			containerPortal = 001000000000000000000500 /* Project object */;
			proxyType = 1;
			remoteGlobalIDString = 003000000000000000000400;
			remoteInfo = CPRTrainerProWatch;
		};
/* End PBXContainerItemProxy section */

/* Begin PBXCopyFilesBuildPhase section */
		003000000000000000000403 /* Embed Watch Content */ = {
			isa = PBXCopyFilesBuildPhase;
			buildActionMask = 2147483647;
			dstPath = "$(CONTENTS_FOLDER_PATH)/Watch";
			dstSubfolderSpec = 16;
			files = (
				003000000000000000000107 /* CPRTrainerProWatch.app in Embed Watch Content */,
			);
			name = "Embed Watch Content";
			runOnlyForDeploymentPostprocessing = 0;
		};
/* End PBXCopyFilesBuildPhase section */

/* Begin PBXFileReference section */
		001000000000000000000001 /* CPRTrainerProApp.swift */ = {isa = PBXFileReference; lastKnownFileType = sourcecode.swift; path = CPRTrainerProApp.swift; sourceTree = "<group>"; };
		001000000000000000000002 /* AppViewModel.swift */ = {isa = PBXFileReference; lastKnownFileType = sourcecode.swift; path = AppViewModel.swift; sourceTree = "<group>"; };
		001000000000000000000003 /* RootView.swift */ = {isa = PBXFileReference; lastKnownFileType = sourcecode.swift; path = RootView.swift; sourceTree = "<group>"; };
		001000000000000000000004 /* Theme.swift */ = {isa = PBXFileReference; lastKnownFileType = sourcecode.swift; path = Theme.swift; sourceTree = "<group>"; };
		001000000000000000000005 /* ContentModels.swift */ = {isa = PBXFileReference; lastKnownFileType = sourcecode.swift; path = ContentModels.swift; sourceTree = "<group>"; };
		001000000000000000000006 /* ContentManifestService.swift */ = {isa = PBXFileReference; lastKnownFileType = sourcecode.swift; path = ContentManifestService.swift; sourceTree = "<group>"; };
		001000000000000000000007 /* DownloadService.swift */ = {isa = PBXFileReference; lastKnownFileType = sourcecode.swift; path = DownloadService.swift; sourceTree = "<group>"; };
		001000000000000000000008 /* URLHelpers.swift */ = {isa = PBXFileReference; lastKnownFileType = sourcecode.swift; path = URLHelpers.swift; sourceTree = "<group>"; };
		001000000000000000000009 /* CoursesView.swift */ = {isa = PBXFileReference; lastKnownFileType = sourcecode.swift; path = CoursesView.swift; sourceTree = "<group>"; };
		001000000000000000000010 /* DownloadsView.swift */ = {isa = PBXFileReference; lastKnownFileType = sourcecode.swift; path = DownloadsView.swift; sourceTree = "<group>"; };
		001000000000000000000011 /* ManualsView.swift */ = {isa = PBXFileReference; lastKnownFileType = sourcecode.swift; path = ManualsView.swift; sourceTree = "<group>"; };
		001000000000000000000012 /* SendCertsView.swift */ = {isa = PBXFileReference; lastKnownFileType = sourcecode.swift; path = SendCertsView.swift; sourceTree = "<group>"; };
		001000000000000000000013 /* CourseCard.swift */ = {isa = PBXFileReference; lastKnownFileType = sourcecode.swift; path = CourseCard.swift; sourceTree = "<group>"; };
		001000000000000000000014 /* DownloadStatusBadge.swift */ = {isa = PBXFileReference; lastKnownFileType = sourcecode.swift; path = DownloadStatusBadge.swift; sourceTree = "<group>"; };
		001000000000000000000015 /* PrimaryActionButton.swift */ = {isa = PBXFileReference; lastKnownFileType = sourcecode.swift; path = PrimaryActionButton.swift; sourceTree = "<group>"; };
		001000000000000000000016 /* content-manifest.json */ = {isa = PBXFileReference; lastKnownFileType = text.json; path = "content-manifest.json"; sourceTree = "<group>"; };
		001000000000000000000017 /* StorageService.swift */ = {isa = PBXFileReference; lastKnownFileType = sourcecode.swift; path = StorageService.swift; sourceTree = "<group>"; };
		001000000000000000000018 /* AirPlayRoutePicker.swift */ = {isa = PBXFileReference; lastKnownFileType = sourcecode.swift; path = AirPlayRoutePicker.swift; sourceTree = "<group>"; };
		001000000000000000000019 /* VideoCoursePlayerView.swift */ = {isa = PBXFileReference; lastKnownFileType = sourcecode.swift; path = VideoCoursePlayerView.swift; sourceTree = "<group>"; };
		001000000000000000000020 /* CPRTrainerPro.app */ = {isa = PBXFileReference; explicitFileType = wrapper.application; includeInIndex = 0; path = CPRTrainerPro.app; sourceTree = BUILT_PRODUCTS_DIR; };
		001000000000000000000021 /* SlideshowPlayerView.swift */ = {isa = PBXFileReference; lastKnownFileType = sourcecode.swift; path = SlideshowPlayerView.swift; sourceTree = "<group>"; };
		001000000000000000000022 /* ManualViewerView.swift */ = {isa = PBXFileReference; lastKnownFileType = sourcecode.swift; path = ManualViewerView.swift; sourceTree = "<group>"; };
		001000000000000000000023 /* Subtitles */ = {isa = PBXFileReference; lastKnownFileType = folder; path = Subtitles; sourceTree = "<group>"; };
		001000000000000000000024 /* DownloadQueueStore.swift */ = {isa = PBXFileReference; lastKnownFileType = sourcecode.swift; path = DownloadQueueStore.swift; sourceTree = "<group>"; };
		001000000000000000000025 /* SubtitleCue.swift */ = {isa = PBXFileReference; lastKnownFileType = sourcecode.swift; path = SubtitleCue.swift; sourceTree = "<group>"; };
		001000000000000000000026 /* SubtitleService.swift */ = {isa = PBXFileReference; lastKnownFileType = sourcecode.swift; path = SubtitleService.swift; sourceTree = "<group>"; };
		001000000000000000000027 /* SubtitleOverlay.swift */ = {isa = PBXFileReference; lastKnownFileType = sourcecode.swift; path = SubtitleOverlay.swift; sourceTree = "<group>"; };
		001000000000000000000028 /* Artwork */ = {isa = PBXFileReference; lastKnownFileType = folder; path = Artwork; sourceTree = "<group>"; };
		001000000000000000000029 /* ArtworkImage.swift */ = {isa = PBXFileReference; lastKnownFileType = sourcecode.swift; path = ArtworkImage.swift; sourceTree = "<group>"; };
		001000000000000000000030 /* BrandHeader.swift */ = {isa = PBXFileReference; lastKnownFileType = sourcecode.swift; path = BrandHeader.swift; sourceTree = "<group>"; };
		001000000000000000000031 /* StickyBrandScrollView.swift */ = {isa = PBXFileReference; lastKnownFileType = sourcecode.swift; path = StickyBrandScrollView.swift; sourceTree = "<group>"; };
		001000000000000000000032 /* DownloadAnimationOverlay.swift */ = {isa = PBXFileReference; lastKnownFileType = sourcecode.swift; path = DownloadAnimationOverlay.swift; sourceTree = "<group>"; };
		001000000000000000000033 /* FullScreenToggleButton.swift */ = {isa = PBXFileReference; lastKnownFileType = sourcecode.swift; path = FullScreenToggleButton.swift; sourceTree = "<group>"; };
		001000000000000000000034 /* Info.plist */ = {isa = PBXFileReference; lastKnownFileType = text.plist.xml; path = Info.plist; sourceTree = "<group>"; };
		001000000000000000000035 /* SettingsView.swift */ = {isa = PBXFileReference; lastKnownFileType = sourcecode.swift; path = SettingsView.swift; sourceTree = "<group>"; };
		001000000000000000000036 /* InstructorTipsService.swift */ = {isa = PBXFileReference; lastKnownFileType = sourcecode.swift; path = InstructorTipsService.swift; sourceTree = "<group>"; };
		001000000000000000000037 /* SlideshowInstructorOverlays.swift */ = {isa = PBXFileReference; lastKnownFileType = sourcecode.swift; path = SlideshowInstructorOverlays.swift; sourceTree = "<group>"; };
		001000000000000000000038 /* instructor-tips.json */ = {isa = PBXFileReference; lastKnownFileType = text.json; path = "instructor-tips.json"; sourceTree = "<group>"; };
		001000000000000000000039 /* Assets.xcassets */ = {isa = PBXFileReference; lastKnownFileType = folder.assetcatalog; path = Assets.xcassets; sourceTree = "<group>"; };
		001000000000000000000040 /* ExternalDisplayAppDelegate.swift */ = {isa = PBXFileReference; lastKnownFileType = sourcecode.swift; path = ExternalDisplayAppDelegate.swift; sourceTree = "<group>"; };
		001000000000000000000041 /* ExternalDisplaySceneDelegate.swift */ = {isa = PBXFileReference; lastKnownFileType = sourcecode.swift; path = ExternalDisplaySceneDelegate.swift; sourceTree = "<group>"; };
		001000000000000000000042 /* PresentationSession.swift */ = {isa = PBXFileReference; lastKnownFileType = sourcecode.swift; path = PresentationSession.swift; sourceTree = "<group>"; };
		001000000000000000000043 /* CoursePlayerLayerView.swift */ = {isa = PBXFileReference; lastKnownFileType = sourcecode.swift; path = CoursePlayerLayerView.swift; sourceTree = "<group>"; };
		001000000000000000000044 /* ExternalPresentationView.swift */ = {isa = PBXFileReference; lastKnownFileType = sourcecode.swift; path = ExternalPresentationView.swift; sourceTree = "<group>"; };
		001000000000000000000045 /* VideoCoursePlaybackCoordinator.swift */ = {isa = PBXFileReference; lastKnownFileType = sourcecode.swift; path = VideoCoursePlaybackCoordinator.swift; sourceTree = "<group>"; };
		001000000000000000000046 /* SlideshowPlaybackCoordinator.swift */ = {isa = PBXFileReference; lastKnownFileType = sourcecode.swift; path = SlideshowPlaybackCoordinator.swift; sourceTree = "<group>"; };
		001000000000000000000047 /* ManualNavigationModels.swift */ = {isa = PBXFileReference; lastKnownFileType = sourcecode.swift; path = ManualNavigationModels.swift; sourceTree = "<group>"; };
		001000000000000000000048 /* ManualTOCService.swift */ = {isa = PBXFileReference; lastKnownFileType = sourcecode.swift; path = ManualTOCService.swift; sourceTree = "<group>"; };
		001000000000000000000049 /* ManualSearchService.swift */ = {isa = PBXFileReference; lastKnownFileType = sourcecode.swift; path = ManualSearchService.swift; sourceTree = "<group>"; };
		001000000000000000000050 /* ManualViewerViewModel.swift */ = {isa = PBXFileReference; lastKnownFileType = sourcecode.swift; path = ManualViewerViewModel.swift; sourceTree = "<group>"; };
		001000000000000000000051 /* ManualNavigationPanel.swift */ = {isa = PBXFileReference; lastKnownFileType = sourcecode.swift; path = ManualNavigationPanel.swift; sourceTree = "<group>"; };
		001000000000000000000052 /* ContentVersionStore.swift */ = {isa = PBXFileReference; lastKnownFileType = sourcecode.swift; path = ContentVersionStore.swift; sourceTree = "<group>"; };
		001000000000000000000053 /* ContentUpdateService.swift */ = {isa = PBXFileReference; lastKnownFileType = sourcecode.swift; path = ContentUpdateService.swift; sourceTree = "<group>"; };
		001000000000000000000054 /* InteractiveTabContainer.swift */ = {isa = PBXFileReference; lastKnownFileType = sourcecode.swift; path = InteractiveTabContainer.swift; sourceTree = "<group>"; };
		002000000000000000000001 /* ContentManifestContractTests.swift */ = {isa = PBXFileReference; lastKnownFileType = sourcecode.swift; path = ContentManifestContractTests.swift; sourceTree = "<group>"; };
		002000000000000000000020 /* CPRTrainerProTests.xctest */ = {isa = PBXFileReference; explicitFileType = wrapper.cfbundle; includeInIndex = 0; path = CPRTrainerProTests.xctest; sourceTree = BUILT_PRODUCTS_DIR; };
		003000000000000000000001 /* CPRTrainerProWatchApp.swift */ = {isa = PBXFileReference; lastKnownFileType = sourcecode.swift; path = CPRTrainerProWatchApp.swift; sourceTree = "<group>"; };
		003000000000000000000002 /* TrainingView.swift */ = {isa = PBXFileReference; lastKnownFileType = sourcecode.swift; path = TrainingView.swift; sourceTree = "<group>"; };
		003000000000000000000003 /* TrainingSessionController.swift */ = {isa = PBXFileReference; lastKnownFileType = sourcecode.swift; path = TrainingSessionController.swift; sourceTree = "<group>"; };
		003000000000000000000004 /* LoopingTrainingMovie.swift */ = {isa = PBXFileReference; lastKnownFileType = sourcecode.swift; path = LoopingTrainingMovie.swift; sourceTree = "<group>"; };
		003000000000000000000005 /* Assets.xcassets */ = {isa = PBXFileReference; lastKnownFileType = folder.assetcatalog; path = Assets.xcassets; sourceTree = "<group>"; };
		003000000000000000000006 /* DummiesDoingCPR-Watch.mov */ = {isa = PBXFileReference; lastKnownFileType = video.quicktime; path = "DummiesDoingCPR-Watch.mov"; sourceTree = "<group>"; };
		003000000000000000000007 /* Info.plist */ = {isa = PBXFileReference; lastKnownFileType = text.plist.xml; path = Info.plist; sourceTree = "<group>"; };
		003000000000000000000020 /* CPRTrainerProWatch.app */ = {isa = PBXFileReference; explicitFileType = wrapper.application; includeInIndex = 0; path = CPRTrainerProWatch.app; sourceTree = BUILT_PRODUCTS_DIR; };
/* End PBXFileReference section */

/* Begin PBXFrameworksBuildPhase section */
		001000000000000000000201 /* Frameworks */ = {
			isa = PBXFrameworksBuildPhase;
			buildActionMask = 2147483647;
			files = (
			);
			runOnlyForDeploymentPostprocessing = 0;
		};
		002000000000000000000201 /* Frameworks */ = {
			isa = PBXFrameworksBuildPhase;
			buildActionMask = 2147483647;
			files = (
			);
			runOnlyForDeploymentPostprocessing = 0;
		};
		003000000000000000000201 /* Frameworks */ = {
			isa = PBXFrameworksBuildPhase;
			buildActionMask = 2147483647;
			files = (
			);
			runOnlyForDeploymentPostprocessing = 0;
		};
/* End PBXFrameworksBuildPhase section */

/* Begin PBXGroup section */
		001000000000000000000300 = {
			isa = PBXGroup;
			children = (
				001000000000000000000301 /* CPRTrainerPro */,
				002000000000000000000301 /* CPRTrainerProTests */,
				003000000000000000000301 /* CPRTrainerProWatch */,
				001000000000000000000302 /* Products */,
			);
			sourceTree = "<group>";
		};
		001000000000000000000301 /* CPRTrainerPro */ = {
			isa = PBXGroup;
			children = (
				001000000000000000000310 /* App */,
				001000000000000000000320 /* Features */,
				001000000000000000000330 /* Components */,
				001000000000000000000340 /* Models */,
				001000000000000000000350 /* Services */,
				001000000000000000000360 /* DesignSystem */,
				001000000000000000000370 /* Utilities */,
				001000000000000000000380 /* Resources */,
			);
			path = CPRTrainerPro;
			sourceTree = "<group>";
		};
		001000000000000000000302 /* Products */ = {
			isa = PBXGroup;
			children = (
				001000000000000000000020 /* CPRTrainerPro.app */,
				002000000000000000000020 /* CPRTrainerProTests.xctest */,
				003000000000000000000020 /* CPRTrainerProWatch.app */,
			);
			name = Products;
			sourceTree = "<group>";
		};
		001000000000000000000310 /* App */ = {
			isa = PBXGroup;
			children = (
				001000000000000000000001 /* CPRTrainerProApp.swift */,
				001000000000000000000040 /* ExternalDisplayAppDelegate.swift */,
				001000000000000000000041 /* ExternalDisplaySceneDelegate.swift */,
				001000000000000000000002 /* AppViewModel.swift */,
				001000000000000000000003 /* RootView.swift */,
			);
			path = App;
			sourceTree = "<group>";
		};
		001000000000000000000320 /* Features */ = {
			isa = PBXGroup;
			children = (
				001000000000000000000321 /* Courses */,
				001000000000000000000322 /* Downloads */,
				001000000000000000000323 /* Manuals */,
				001000000000000000000324 /* SendCerts */,
				001000000000000000000325 /* Player */,
				001000000000000000000326 /* Settings */,
			);
			path = Features;
			sourceTree = "<group>";
		};
		001000000000000000000321 /* Courses */ = {
			isa = PBXGroup;
			children = (
				001000000000000000000009 /* CoursesView.swift */,
			);
			path = Courses;
			sourceTree = "<group>";
		};
		001000000000000000000322 /* Downloads */ = {
			isa = PBXGroup;
			children = (
				001000000000000000000010 /* DownloadsView.swift */,
			);
			path = Downloads;
			sourceTree = "<group>";
		};
		001000000000000000000323 /* Manuals */ = {
			isa = PBXGroup;
			children = (
				001000000000000000000011 /* ManualsView.swift */,
				001000000000000000000022 /* ManualViewerView.swift */,
				001000000000000000000050 /* ManualViewerViewModel.swift */,
				001000000000000000000051 /* ManualNavigationPanel.swift */,
				001000000000000000000047 /* ManualNavigationModels.swift */,
				001000000000000000000048 /* ManualTOCService.swift */,
				001000000000000000000049 /* ManualSearchService.swift */,
			);
			path = Manuals;
			sourceTree = "<group>";
		};
		001000000000000000000324 /* SendCerts */ = {
			isa = PBXGroup;
			children = (
				001000000000000000000012 /* SendCertsView.swift */,
			);
			path = SendCerts;
			sourceTree = "<group>";
		};
		001000000000000000000325 /* Player */ = {
			isa = PBXGroup;
			children = (
				001000000000000000000019 /* VideoCoursePlayerView.swift */,
				001000000000000000000021 /* SlideshowPlayerView.swift */,
				001000000000000000000037 /* SlideshowInstructorOverlays.swift */,
				001000000000000000000044 /* ExternalPresentationView.swift */,
				001000000000000000000045 /* VideoCoursePlaybackCoordinator.swift */,
				001000000000000000000046 /* SlideshowPlaybackCoordinator.swift */,
			);
			path = Player;
			sourceTree = "<group>";
		};
		001000000000000000000326 /* Settings */ = {
			isa = PBXGroup;
			children = (
				001000000000000000000035 /* SettingsView.swift */,
			);
			path = Settings;
			sourceTree = "<group>";
		};
		001000000000000000000330 /* Components */ = {
			isa = PBXGroup;
			children = (
				001000000000000000000013 /* CourseCard.swift */,
				001000000000000000000014 /* DownloadStatusBadge.swift */,
				001000000000000000000015 /* PrimaryActionButton.swift */,
				001000000000000000000018 /* AirPlayRoutePicker.swift */,
				001000000000000000000027 /* SubtitleOverlay.swift */,
				001000000000000000000029 /* ArtworkImage.swift */,
				001000000000000000000030 /* BrandHeader.swift */,
				001000000000000000000031 /* StickyBrandScrollView.swift */,
				001000000000000000000032 /* DownloadAnimationOverlay.swift */,
				001000000000000000000033 /* FullScreenToggleButton.swift */,
				001000000000000000000043 /* CoursePlayerLayerView.swift */,
				001000000000000000000054 /* InteractiveTabContainer.swift */,
			);
			path = Components;
			sourceTree = "<group>";
		};
		001000000000000000000340 /* Models */ = {
			isa = PBXGroup;
			children = (
				001000000000000000000005 /* ContentModels.swift */,
				001000000000000000000025 /* SubtitleCue.swift */,
			);
			path = Models;
			sourceTree = "<group>";
		};
		001000000000000000000350 /* Services */ = {
			isa = PBXGroup;
			children = (
				001000000000000000000006 /* ContentManifestService.swift */,
				001000000000000000000053 /* ContentUpdateService.swift */,
				001000000000000000000052 /* ContentVersionStore.swift */,
				001000000000000000000007 /* DownloadService.swift */,
				001000000000000000000024 /* DownloadQueueStore.swift */,
				001000000000000000000036 /* InstructorTipsService.swift */,
				001000000000000000000042 /* PresentationSession.swift */,
				001000000000000000000026 /* SubtitleService.swift */,
				001000000000000000000017 /* StorageService.swift */,
			);
			path = Services;
			sourceTree = "<group>";
		};
		001000000000000000000360 /* DesignSystem */ = {
			isa = PBXGroup;
			children = (
				001000000000000000000004 /* Theme.swift */,
			);
			path = DesignSystem;
			sourceTree = "<group>";
		};
		001000000000000000000370 /* Utilities */ = {
			isa = PBXGroup;
			children = (
				001000000000000000000008 /* URLHelpers.swift */,
			);
			path = Utilities;
			sourceTree = "<group>";
		};
		001000000000000000000380 /* Resources */ = {
			isa = PBXGroup;
			children = (
				001000000000000000000016 /* content-manifest.json */,
				001000000000000000000038 /* instructor-tips.json */,
				001000000000000000000039 /* Assets.xcassets */,
				001000000000000000000034 /* Info.plist */,
				001000000000000000000023 /* Subtitles */,
				001000000000000000000028 /* Artwork */,
			);
			path = Resources;
			sourceTree = "<group>";
		};
		002000000000000000000301 /* CPRTrainerProTests */ = {
			isa = PBXGroup;
			children = (
				002000000000000000000001 /* ContentManifestContractTests.swift */,
			);
			path = CPRTrainerProTests;
			sourceTree = "<group>";
		};
		003000000000000000000301 /* CPRTrainerProWatch */ = {
			isa = PBXGroup;
			children = (
				003000000000000000000001 /* CPRTrainerProWatchApp.swift */,
				003000000000000000000002 /* TrainingView.swift */,
				003000000000000000000003 /* TrainingSessionController.swift */,
				003000000000000000000004 /* LoopingTrainingMovie.swift */,
				003000000000000000000007 /* Info.plist */,
				003000000000000000000380 /* Resources */,
			);
			path = CPRTrainerProWatch;
			sourceTree = "<group>";
		};
		003000000000000000000380 /* Resources */ = {
			isa = PBXGroup;
			children = (
				003000000000000000000005 /* Assets.xcassets */,
				003000000000000000000006 /* DummiesDoingCPR-Watch.mov */,
			);
			path = Resources;
			sourceTree = "<group>";
		};
/* End PBXGroup section */

/* Begin PBXNativeTarget section */
		001000000000000000000400 /* CPRTrainerPro */ = {
			isa = PBXNativeTarget;
			buildConfigurationList = 001000000000000000000710 /* Build configuration list for PBXNativeTarget "CPRTrainerPro" */;
			buildPhases = (
				001000000000000000000401 /* Sources */,
				001000000000000000000201 /* Frameworks */,
				001000000000000000000402 /* Resources */,
				003000000000000000000403 /* Embed Watch Content */,
			);
			buildRules = (
			);
			dependencies = (
				003000000000000000000602 /* PBXTargetDependency */,
			);
			name = CPRTrainerPro;
			productName = CPRTrainerPro;
			productReference = 001000000000000000000020 /* CPRTrainerPro.app */;
			productType = "com.apple.product-type.application";
		};
		002000000000000000000400 /* CPRTrainerProTests */ = {
			isa = PBXNativeTarget;
			buildConfigurationList = 002000000000000000000710 /* Build configuration list for PBXNativeTarget "CPRTrainerProTests" */;
			buildPhases = (
				002000000000000000000401 /* Sources */,
				002000000000000000000201 /* Frameworks */,
				002000000000000000000402 /* Resources */,
			);
			buildRules = (
			);
			dependencies = (
				002000000000000000000602 /* PBXTargetDependency */,
			);
			name = CPRTrainerProTests;
			productName = CPRTrainerProTests;
			productReference = 002000000000000000000020 /* CPRTrainerProTests.xctest */;
			productType = "com.apple.product-type.bundle.unit-test";
		};
		003000000000000000000400 /* CPRTrainerProWatch */ = {
			isa = PBXNativeTarget;
			buildConfigurationList = 003000000000000000000710 /* Build configuration list for PBXNativeTarget "CPRTrainerProWatch" */;
			buildPhases = (
				003000000000000000000401 /* Sources */,
				003000000000000000000201 /* Frameworks */,
				003000000000000000000402 /* Resources */,
			);
			buildRules = (
			);
			dependencies = (
			);
			name = CPRTrainerProWatch;
			productName = CPRTrainerProWatch;
			productReference = 003000000000000000000020 /* CPRTrainerProWatch.app */;
			productType = "com.apple.product-type.application";
		};
/* End PBXNativeTarget section */

/* Begin PBXProject section */
		001000000000000000000500 /* Project object */ = {
			isa = PBXProject;
			attributes = {
				BuildIndependentTargetsInParallel = 1;
				LastSwiftUpdateCheck = 2650;
				LastUpgradeCheck = 2650;
				TargetAttributes = {
					001000000000000000000400 = {
						CreatedOnToolsVersion = 26.5;
					};
					002000000000000000000400 = {
						CreatedOnToolsVersion = 26.5;
						TestTargetID = 001000000000000000000400;
					};
					003000000000000000000400 = {
						CreatedOnToolsVersion = 26.5;
					};
				};
			};
			buildConfigurationList = 001000000000000000000700 /* Build configuration list for PBXProject "CPRTrainerPro" */;
			developmentRegion = en;
			hasScannedForEncodings = 0;
			knownRegions = (
				en,
				Base,
			);
			mainGroup = 001000000000000000000300;
			minimizedProjectReferenceProxies = 1;
			preferredProjectObjectVersion = 77;
			productRefGroup = 001000000000000000000302 /* Products */;
			projectDirPath = "";
			projectRoot = "";
			targets = (
				001000000000000000000400 /* CPRTrainerPro */,
				002000000000000000000400 /* CPRTrainerProTests */,
				003000000000000000000400 /* CPRTrainerProWatch */,
			);
		};
/* End PBXProject section */

/* Begin PBXResourcesBuildPhase section */
		001000000000000000000402 /* Resources */ = {
			isa = PBXResourcesBuildPhase;
			buildActionMask = 2147483647;
			files = (
				001000000000000000000116 /* content-manifest.json in Resources */,
				001000000000000000000136 /* instructor-tips.json in Resources */,
				001000000000000000000137 /* Assets.xcassets in Resources */,
				001000000000000000000122 /* Subtitles in Resources */,
				001000000000000000000127 /* Artwork in Resources */,
			);
			runOnlyForDeploymentPostprocessing = 0;
		};
		002000000000000000000402 /* Resources */ = {
			isa = PBXResourcesBuildPhase;
			buildActionMask = 2147483647;
			files = (
				002000000000000000000102 /* content-manifest.json in Resources */,
				002000000000000000000103 /* instructor-tips.json in Resources */,
			);
			runOnlyForDeploymentPostprocessing = 0;
		};
		003000000000000000000402 /* Resources */ = {
			isa = PBXResourcesBuildPhase;
			buildActionMask = 2147483647;
			files = (
				003000000000000000000105 /* Assets.xcassets in Resources */,
				003000000000000000000106 /* DummiesDoingCPR-Watch.mov in Resources */,
			);
			runOnlyForDeploymentPostprocessing = 0;
		};
/* End PBXResourcesBuildPhase section */

/* Begin PBXSourcesBuildPhase section */
		001000000000000000000401 /* Sources */ = {
			isa = PBXSourcesBuildPhase;
			buildActionMask = 2147483647;
			files = (
				001000000000000000000101 /* CPRTrainerProApp.swift in Sources */,
				001000000000000000000102 /* AppViewModel.swift in Sources */,
				001000000000000000000103 /* RootView.swift in Sources */,
				001000000000000000000104 /* Theme.swift in Sources */,
				001000000000000000000105 /* ContentModels.swift in Sources */,
				001000000000000000000106 /* ContentManifestService.swift in Sources */,
				001000000000000000000107 /* DownloadService.swift in Sources */,
				001000000000000000000108 /* URLHelpers.swift in Sources */,
				001000000000000000000109 /* CoursesView.swift in Sources */,
				001000000000000000000110 /* DownloadsView.swift in Sources */,
				001000000000000000000111 /* ManualsView.swift in Sources */,
				001000000000000000000112 /* SendCertsView.swift in Sources */,
				001000000000000000000113 /* CourseCard.swift in Sources */,
				001000000000000000000114 /* DownloadStatusBadge.swift in Sources */,
				001000000000000000000115 /* PrimaryActionButton.swift in Sources */,
				001000000000000000000117 /* StorageService.swift in Sources */,
				001000000000000000000118 /* AirPlayRoutePicker.swift in Sources */,
				001000000000000000000119 /* VideoCoursePlayerView.swift in Sources */,
				001000000000000000000120 /* SlideshowPlayerView.swift in Sources */,
				001000000000000000000121 /* ManualViewerView.swift in Sources */,
				001000000000000000000145 /* ManualNavigationModels.swift in Sources */,
				001000000000000000000146 /* ManualTOCService.swift in Sources */,
				001000000000000000000147 /* ManualSearchService.swift in Sources */,
				001000000000000000000148 /* ManualViewerViewModel.swift in Sources */,
				001000000000000000000149 /* ManualNavigationPanel.swift in Sources */,
				001000000000000000000150 /* ContentVersionStore.swift in Sources */,
				001000000000000000000151 /* ContentUpdateService.swift in Sources */,
				001000000000000000000123 /* DownloadQueueStore.swift in Sources */,
				001000000000000000000124 /* SubtitleCue.swift in Sources */,
				001000000000000000000125 /* SubtitleService.swift in Sources */,
				001000000000000000000126 /* SubtitleOverlay.swift in Sources */,
				001000000000000000000128 /* ArtworkImage.swift in Sources */,
				001000000000000000000129 /* BrandHeader.swift in Sources */,
				001000000000000000000130 /* StickyBrandScrollView.swift in Sources */,
				001000000000000000000131 /* DownloadAnimationOverlay.swift in Sources */,
				001000000000000000000132 /* FullScreenToggleButton.swift in Sources */,
				001000000000000000000133 /* SettingsView.swift in Sources */,
				001000000000000000000134 /* InstructorTipsService.swift in Sources */,
				001000000000000000000135 /* SlideshowInstructorOverlays.swift in Sources */,
				001000000000000000000138 /* ExternalDisplayAppDelegate.swift in Sources */,
				001000000000000000000139 /* ExternalDisplaySceneDelegate.swift in Sources */,
				001000000000000000000140 /* PresentationSession.swift in Sources */,
				001000000000000000000141 /* CoursePlayerLayerView.swift in Sources */,
				001000000000000000000142 /* ExternalPresentationView.swift in Sources */,
				001000000000000000000143 /* VideoCoursePlaybackCoordinator.swift in Sources */,
				001000000000000000000144 /* SlideshowPlaybackCoordinator.swift in Sources */,
				001000000000000000000152 /* InteractiveTabContainer.swift in Sources */,
			);
			runOnlyForDeploymentPostprocessing = 0;
		};
		002000000000000000000401 /* Sources */ = {
			isa = PBXSourcesBuildPhase;
			buildActionMask = 2147483647;
			files = (
				002000000000000000000101 /* ContentManifestContractTests.swift in Sources */,
			);
			runOnlyForDeploymentPostprocessing = 0;
		};
		003000000000000000000401 /* Sources */ = {
			isa = PBXSourcesBuildPhase;
			buildActionMask = 2147483647;
			files = (
				003000000000000000000101 /* CPRTrainerProWatchApp.swift in Sources */,
				003000000000000000000102 /* TrainingView.swift in Sources */,
				003000000000000000000103 /* TrainingSessionController.swift in Sources */,
				003000000000000000000104 /* LoopingTrainingMovie.swift in Sources */,
			);
			runOnlyForDeploymentPostprocessing = 0;
		};
/* End PBXSourcesBuildPhase section */

/* Begin PBXTargetDependency section */
		002000000000000000000602 /* PBXTargetDependency */ = {
			isa = PBXTargetDependency;
			target = 001000000000000000000400 /* CPRTrainerPro */;
			targetProxy = 002000000000000000000601 /* PBXContainerItemProxy */;
		};
		003000000000000000000602 /* PBXTargetDependency */ = {
			isa = PBXTargetDependency;
			name = CPRTrainerProWatch;
			target = 003000000000000000000400 /* CPRTrainerProWatch */;
			targetProxy = 003000000000000000000601 /* PBXContainerItemProxy */;
		};
/* End PBXTargetDependency section */

/* Begin XCBuildConfiguration section */
		001000000000000000000701 /* Debug */ = {
			isa = XCBuildConfiguration;
			buildSettings = {
				ALWAYS_SEARCH_USER_PATHS = NO;
				CLANG_ANALYZER_NONNULL = YES;
				CLANG_ANALYZER_NUMBER_OBJECT_CONVERSION = YES_AGGRESSIVE;
				CLANG_CXX_LANGUAGE_STANDARD = "gnu++20";
				CLANG_ENABLE_MODULES = YES;
				CLANG_ENABLE_OBJC_ARC = YES;
				CLANG_ENABLE_OBJC_WEAK = YES;
				CLANG_WARN_BLOCK_CAPTURE_AUTORELEASING = YES;
				CLANG_WARN_BOOL_CONVERSION = YES;
				CLANG_WARN_COMMA = YES;
				CLANG_WARN_CONSTANT_CONVERSION = YES;
				CLANG_WARN_DEPRECATED_OBJC_IMPLEMENTATIONS = YES;
				CLANG_WARN_DIRECT_OBJC_ISA_USAGE = YES_ERROR;
				CLANG_WARN_DOCUMENTATION_COMMENTS = YES;
				CLANG_WARN_EMPTY_BODY = YES;
				CLANG_WARN_ENUM_CONVERSION = YES;
				CLANG_WARN_INFINITE_RECURSION = YES;
				CLANG_WARN_INT_CONVERSION = YES;
				CLANG_WARN_NON_LITERAL_NULL_CONVERSION = YES;
				CLANG_WARN_OBJC_IMPLICIT_RETAIN_SELF = YES;
				CLANG_WARN_OBJC_LITERAL_CONVERSION = YES;
				CLANG_WARN_OBJC_ROOT_CLASS = YES_ERROR;
				CLANG_WARN_QUOTED_INCLUDE_IN_FRAMEWORK_HEADER = YES;
				CLANG_WARN_RANGE_LOOP_ANALYSIS = YES;
				CLANG_WARN_STRICT_PROTOTYPES = YES;
				CLANG_WARN_SUSPICIOUS_MOVE = YES;
				CLANG_WARN_UNGUARDED_AVAILABILITY = YES_AGGRESSIVE;
				CLANG_WARN_UNREACHABLE_CODE = YES;
				COPY_PHASE_STRIP = NO;
				DEBUG_INFORMATION_FORMAT = dwarf;
				ENABLE_STRICT_OBJC_MSGSEND = YES;
				ENABLE_TESTABILITY = YES;
				GCC_C_LANGUAGE_STANDARD = gnu17;
				GCC_DYNAMIC_NO_PIC = NO;
				GCC_NO_COMMON_BLOCKS = YES;
				GCC_OPTIMIZATION_LEVEL = 0;
				GCC_PREPROCESSOR_DEFINITIONS = (
					"DEBUG=1",
					"$(inherited)",
				);
				GCC_WARN_64_TO_32_BIT_CONVERSION = YES;
				GCC_WARN_ABOUT_RETURN_TYPE = YES_ERROR;
				GCC_WARN_UNDECLARED_SELECTOR = YES;
				GCC_WARN_UNINITIALIZED_AUTOS = YES_AGGRESSIVE;
				GCC_WARN_UNUSED_FUNCTION = YES;
				GCC_WARN_UNUSED_VARIABLE = YES;
				IPHONEOS_DEPLOYMENT_TARGET = 17.0;
				MTL_ENABLE_DEBUG_INFO = INCLUDE_SOURCE;
				MTL_FAST_MATH = YES;
				ONLY_ACTIVE_ARCH = YES;
				SDKROOT = iphoneos;
				SWIFT_ACTIVE_COMPILATION_CONDITIONS = DEBUG;
				SWIFT_OPTIMIZATION_LEVEL = "-Onone";
			};
			name = Debug;
		};
		001000000000000000000702 /* Release */ = {
			isa = XCBuildConfiguration;
			buildSettings = {
				ALWAYS_SEARCH_USER_PATHS = NO;
				CLANG_ANALYZER_NONNULL = YES;
				CLANG_ANALYZER_NUMBER_OBJECT_CONVERSION = YES_AGGRESSIVE;
				CLANG_CXX_LANGUAGE_STANDARD = "gnu++20";
				CLANG_ENABLE_MODULES = YES;
				CLANG_ENABLE_OBJC_ARC = YES;
				CLANG_ENABLE_OBJC_WEAK = YES;
				CLANG_WARN_BLOCK_CAPTURE_AUTORELEASING = YES;
				CLANG_WARN_BOOL_CONVERSION = YES;
				CLANG_WARN_COMMA = YES;
				CLANG_WARN_CONSTANT_CONVERSION = YES;
				CLANG_WARN_DEPRECATED_OBJC_IMPLEMENTATIONS = YES;
				CLANG_WARN_DIRECT_OBJC_ISA_USAGE = YES_ERROR;
				CLANG_WARN_DOCUMENTATION_COMMENTS = YES;
				CLANG_WARN_EMPTY_BODY = YES;
				CLANG_WARN_ENUM_CONVERSION = YES;
				CLANG_WARN_INFINITE_RECURSION = YES;
				CLANG_WARN_INT_CONVERSION = YES;
				CLANG_WARN_NON_LITERAL_NULL_CONVERSION = YES_AGGRESSIVE;
				CLANG_WARN_OBJC_IMPLICIT_RETAIN_SELF = YES;
				CLANG_WARN_OBJC_LITERAL_CONVERSION = YES;
				CLANG_WARN_OBJC_ROOT_CLASS = YES_ERROR;
				CLANG_WARN_QUOTED_INCLUDE_IN_FRAMEWORK_HEADER = YES;
				CLANG_WARN_RANGE_LOOP_ANALYSIS = YES;
				CLANG_WARN_STRICT_PROTOTYPES = YES;
				CLANG_WARN_SUSPICIOUS_MOVE = YES;
				CLANG_WARN_UNGUARDED_AVAILABILITY = YES_AGGRESSIVE;
				CLANG_WARN_UNREACHABLE_CODE = YES;
				COPY_PHASE_STRIP = NO;
				DEBUG_INFORMATION_FORMAT = "dwarf-with-dsym";
				ENABLE_NS_ASSERTIONS = NO;
				ENABLE_STRICT_OBJC_MSGSEND = YES;
				GCC_C_LANGUAGE_STANDARD = gnu17;
				GCC_NO_COMMON_BLOCKS = YES;
				GCC_WARN_64_TO_32_BIT_CONVERSION = YES;
				GCC_WARN_ABOUT_RETURN_TYPE = YES_ERROR;
				GCC_WARN_UNDECLARED_SELECTOR = YES;
				GCC_WARN_UNINITIALIZED_AUTOS = YES_AGGRESSIVE;
				GCC_WARN_UNUSED_FUNCTION = YES;
				GCC_WARN_UNUSED_VARIABLE = YES;
				IPHONEOS_DEPLOYMENT_TARGET = 17.0;
				MTL_ENABLE_DEBUG_INFO = NO;
				MTL_FAST_MATH = YES;
				SDKROOT = iphoneos;
				SWIFT_COMPILATION_MODE = wholemodule;
				SWIFT_OPTIMIZATION_LEVEL = "-O";
			};
			name = Release;
		};
		001000000000000000000711 /* Debug */ = {
			isa = XCBuildConfiguration;
			buildSettings = {
				ASSETCATALOG_COMPILER_APPICON_NAME = AppIcon;
				ASSETCATALOG_COMPILER_GLOBAL_ACCENT_COLOR_NAME = AccentColor;
				CODE_SIGN_STYLE = Automatic;
				CURRENT_PROJECT_VERSION = 5;
				DEVELOPMENT_TEAM = 8ZGSY5NJPJ;
				GENERATE_INFOPLIST_FILE = NO;
				INFOPLIST_FILE = CPRTrainerPro/Resources/Info.plist;
				INFOPLIST_KEY_CFBundleDisplayName = "CPR Trainer Pro";
				INFOPLIST_KEY_LSApplicationCategoryType = "public.app-category.education";
				INFOPLIST_KEY_UIApplicationSceneManifest_Generation = NO;
				INFOPLIST_KEY_UIApplicationSupportsIndirectInputEvents = YES;
				INFOPLIST_KEY_UISupportedInterfaceOrientations = "UIInterfaceOrientationPortrait UIInterfaceOrientationLandscapeLeft UIInterfaceOrientationLandscapeRight";
				INFOPLIST_KEY_UISupportedInterfaceOrientations_iPad = "UIInterfaceOrientationPortrait UIInterfaceOrientationPortraitUpsideDown UIInterfaceOrientationLandscapeLeft UIInterfaceOrientationLandscapeRight";
				IPHONEOS_DEPLOYMENT_TARGET = 17.0;
				MARKETING_VERSION = 0.1.0;
				PRODUCT_BUNDLE_IDENTIFIER = "com.ehacademy.cpr-trainer-pro";
				PRODUCT_NAME = "$(TARGET_NAME)";
				SUPPORTED_PLATFORMS = "iphoneos iphonesimulator";
				SUPPORTS_MACCATALYST = NO;
				SWIFT_EMIT_LOC_STRINGS = YES;
				SWIFT_VERSION = 5.0;
				TARGETED_DEVICE_FAMILY = "1,2";
			};
			name = Debug;
		};
		001000000000000000000712 /* Release */ = {
			isa = XCBuildConfiguration;
			buildSettings = {
				ASSETCATALOG_COMPILER_APPICON_NAME = AppIcon;
				ASSETCATALOG_COMPILER_GLOBAL_ACCENT_COLOR_NAME = AccentColor;
				CODE_SIGN_STYLE = Automatic;
				CURRENT_PROJECT_VERSION = 5;
				DEVELOPMENT_TEAM = 8ZGSY5NJPJ;
				GENERATE_INFOPLIST_FILE = NO;
				INFOPLIST_FILE = CPRTrainerPro/Resources/Info.plist;
				INFOPLIST_KEY_CFBundleDisplayName = "CPR Trainer Pro";
				INFOPLIST_KEY_LSApplicationCategoryType = "public.app-category.education";
				INFOPLIST_KEY_UIApplicationSceneManifest_Generation = NO;
				INFOPLIST_KEY_UIApplicationSupportsIndirectInputEvents = YES;
				INFOPLIST_KEY_UISupportedInterfaceOrientations = "UIInterfaceOrientationPortrait UIInterfaceOrientationLandscapeLeft UIInterfaceOrientationLandscapeRight";
				INFOPLIST_KEY_UISupportedInterfaceOrientations_iPad = "UIInterfaceOrientationPortrait UIInterfaceOrientationPortraitUpsideDown UIInterfaceOrientationLandscapeLeft UIInterfaceOrientationLandscapeRight";
				IPHONEOS_DEPLOYMENT_TARGET = 17.0;
				MARKETING_VERSION = 0.1.0;
				PRODUCT_BUNDLE_IDENTIFIER = "com.ehacademy.cpr-trainer-pro";
				PRODUCT_NAME = "$(TARGET_NAME)";
				SUPPORTED_PLATFORMS = "iphoneos iphonesimulator";
				SUPPORTS_MACCATALYST = NO;
				SWIFT_EMIT_LOC_STRINGS = YES;
				SWIFT_VERSION = 5.0;
				TARGETED_DEVICE_FAMILY = "1,2";
			};
			name = Release;
		};
		002000000000000000000711 /* Debug */ = {
			isa = XCBuildConfiguration;
			buildSettings = {
				BUNDLE_LOADER = "$(TEST_HOST)";
				CODE_SIGN_STYLE = Automatic;
				DEVELOPMENT_TEAM = "";
				GENERATE_INFOPLIST_FILE = YES;
				IPHONEOS_DEPLOYMENT_TARGET = 17.0;
				LD_RUNPATH_SEARCH_PATHS = (
					"$(inherited)",
					"@executable_path/Frameworks",
					"@loader_path/Frameworks",
				);
				PRODUCT_BUNDLE_IDENTIFIER = "com.ehacademy.cpr-trainer-pro.tests";
				PRODUCT_NAME = "$(TARGET_NAME)";
				SUPPORTED_PLATFORMS = "iphoneos iphonesimulator";
				SUPPORTS_MACCATALYST = NO;
				SWIFT_EMIT_LOC_STRINGS = NO;
				SWIFT_VERSION = 5.0;
				TARGETED_DEVICE_FAMILY = "1,2";
				TEST_HOST = "$(BUILT_PRODUCTS_DIR)/CPRTrainerPro.app/$(BUNDLE_EXECUTABLE_FOLDER_PATH)/CPRTrainerPro";
			};
			name = Debug;
		};
		002000000000000000000712 /* Release */ = {
			isa = XCBuildConfiguration;
			buildSettings = {
				BUNDLE_LOADER = "$(TEST_HOST)";
				CODE_SIGN_STYLE = Automatic;
				DEVELOPMENT_TEAM = "";
				GENERATE_INFOPLIST_FILE = YES;
				IPHONEOS_DEPLOYMENT_TARGET = 17.0;
				LD_RUNPATH_SEARCH_PATHS = (
					"$(inherited)",
					"@executable_path/Frameworks",
					"@loader_path/Frameworks",
				);
				PRODUCT_BUNDLE_IDENTIFIER = "com.ehacademy.cpr-trainer-pro.tests";
				PRODUCT_NAME = "$(TARGET_NAME)";
				SUPPORTED_PLATFORMS = "iphoneos iphonesimulator";
				SUPPORTS_MACCATALYST = NO;
				SWIFT_EMIT_LOC_STRINGS = NO;
				SWIFT_VERSION = 5.0;
				TARGETED_DEVICE_FAMILY = "1,2";
				TEST_HOST = "$(BUILT_PRODUCTS_DIR)/CPRTrainerPro.app/$(BUNDLE_EXECUTABLE_FOLDER_PATH)/CPRTrainerPro";
			};
			name = Release;
		};
		003000000000000000000711 /* Debug */ = {
			isa = XCBuildConfiguration;
			buildSettings = {
				ASSETCATALOG_COMPILER_APPICON_NAME = AppIcon;
				CODE_SIGN_STYLE = Manual;
				CURRENT_PROJECT_VERSION = 5;
				DEVELOPMENT_TEAM = 8ZGSY5NJPJ;
				ENABLE_PREVIEWS = YES;
				GENERATE_INFOPLIST_FILE = NO;
				INFOPLIST_FILE = CPRTrainerProWatch/Info.plist;
				LD_RUNPATH_SEARCH_PATHS = "$(inherited) @executable_path/Frameworks";
				MARKETING_VERSION = 0.1.0;
				PRODUCT_BUNDLE_IDENTIFIER = "com.ehacademy.cpr-trainer-pro.watchkitapp";
				PRODUCT_NAME = "$(TARGET_NAME)";
				PROVISIONING_PROFILE_SPECIFIER = "CPR Trainer Pro Watch Development";
				SDKROOT = watchos;
				SKIP_INSTALL = YES;
				SUPPORTED_PLATFORMS = "watchos watchsimulator";
				SWIFT_EMIT_LOC_STRINGS = YES;
				SWIFT_VERSION = 5.0;
				TARGETED_DEVICE_FAMILY = 4;
				WATCHOS_DEPLOYMENT_TARGET = 10.0;
			};
			name = Debug;
		};
		003000000000000000000712 /* Release */ = {
			isa = XCBuildConfiguration;
			buildSettings = {
				ASSETCATALOG_COMPILER_APPICON_NAME = AppIcon;
				CODE_SIGN_STYLE = Automatic;
				CURRENT_PROJECT_VERSION = 5;
				DEVELOPMENT_TEAM = 8ZGSY5NJPJ;
				ENABLE_PREVIEWS = YES;
				GENERATE_INFOPLIST_FILE = NO;
				INFOPLIST_FILE = CPRTrainerProWatch/Info.plist;
				LD_RUNPATH_SEARCH_PATHS = "$(inherited) @executable_path/Frameworks";
				MARKETING_VERSION = 0.1.0;
				PRODUCT_BUNDLE_IDENTIFIER = "com.ehacademy.cpr-trainer-pro.watchkitapp";
				PRODUCT_NAME = "$(TARGET_NAME)";
				SDKROOT = watchos;
				SKIP_INSTALL = YES;
				SUPPORTED_PLATFORMS = "watchos watchsimulator";
				SWIFT_EMIT_LOC_STRINGS = YES;
				SWIFT_VERSION = 5.0;
				TARGETED_DEVICE_FAMILY = 4;
				VALIDATE_PRODUCT = YES;
				WATCHOS_DEPLOYMENT_TARGET = 10.0;
			};
			name = Release;
		};
/* End XCBuildConfiguration section */

/* Begin XCConfigurationList section */
		001000000000000000000700 /* Build configuration list for PBXProject "CPRTrainerPro" */ = {
			isa = XCConfigurationList;
			buildConfigurations = (
				001000000000000000000701 /* Debug */,
				001000000000000000000702 /* Release */,
			);
			defaultConfigurationIsVisible = 0;
			defaultConfigurationName = Release;
		};
		001000000000000000000710 /* Build configuration list for PBXNativeTarget "CPRTrainerPro" */ = {
			isa = XCConfigurationList;
			buildConfigurations = (
				001000000000000000000711 /* Debug */,
				001000000000000000000712 /* Release */,
			);
			defaultConfigurationIsVisible = 0;
			defaultConfigurationName = Release;
		};
		002000000000000000000710 /* Build configuration list for PBXNativeTarget "CPRTrainerProTests" */ = {
			isa = XCConfigurationList;
			buildConfigurations = (
				002000000000000000000711 /* Debug */,
				002000000000000000000712 /* Release */,
			);
			defaultConfigurationIsVisible = 0;
			defaultConfigurationName = Release;
		};
		003000000000000000000710 /* Build configuration list for PBXNativeTarget "CPRTrainerProWatch" */ = {
			isa = XCConfigurationList;
			buildConfigurations = (
				003000000000000000000711 /* Debug */,
				003000000000000000000712 /* Release */,
			);
			defaultConfigurationIsVisible = 0;
			defaultConfigurationName = Release;
		};
/* End XCConfigurationList section */
	};
	rootObject = 001000000000000000000500 /* Project object */;
}
